// !$*UTF8*$!
{
	archiveVersion = 1;
	classes = {
	};
	objectVersion = 46;
	objects = {

/* Begin PBXBuildFile section */
		AC2954801AE2CC1D00BE2A66 /* KatSlumpPic.jpg in Resources */ = {isa = PBXBuildFile; fileRef = AC29547F1AE2CC1D00BE2A66 /* KatSlumpPic.jpg */; };
		AC2954821AE2CCBE00BE2A66 /* background.jpg in Resources */ = {isa = PBXBuildFile; fileRef = AC2954811AE2CCBE00BE2A66 /* background.jpg */; };
		AC2954841AE2CD4F00BE2A66 /* next15.png in Resources */ = {isa = PBXBuildFile; fileRef = AC2954831AE2CD4F00BE2A66 /* next15.png */; };
		AC2954861AE2CFFD00BE2A66 /* dots.png in Resources */ = {isa = PBXBuildFile; fileRef = AC2954851AE2CFFD00BE2A66 /* dots.png */; };
		AC29548D1AE2D4DD00BE2A66 /* SecondViewController.swift in Sources */ = {isa = PBXBuildFile; fileRef = AC29548C1AE2D4DD00BE2A66 /* SecondViewController.swift */; };
		AC29548F1AE2D4F000BE2A66 /* ThirdViewController.swift in Sources */ = {isa = PBXBuildFile; fileRef = AC29548E1AE2D4F000BE2A66 /* ThirdViewController.swift */; };
		AC2954911AE2D4FF00BE2A66 /* FourthViewController.swift in Sources */ = {isa = PBXBuildFile; fileRef = AC2954901AE2D4FF00BE2A66 /* FourthViewController.swift */; };
		AC2954971AE2E0F700BE2A66 /* twitter-icon.png in Resources */ = {isa = PBXBuildFile; fileRef = AC2954961AE2E0F700BE2A66 /* twitter-icon.png */; };
		AC29549B1AE2E10700BE2A66 /* facebok-icon.png in Resources */ = {isa = PBXBuildFile; fileRef = AC2954981AE2E10700BE2A66 /* facebok-icon.png */; };
		AC29549C1AE2E10700BE2A66 /* instagram.png in Resources */ = {isa = PBXBuildFile; fileRef = AC2954991AE2E10700BE2A66 /* instagram.png */; };
		AC29549D1AE2E10700BE2A66 /* linkedin-icon.png in Resources */ = {isa = PBXBuildFile; fileRef = AC29549A1AE2E10700BE2A66 /* linkedin-icon.png */; };
		AC816B111AE4C22600224169 /* TimelineView.swift in Sources */ = {isa = PBXBuildFile; fileRef = AC816B0F1AE4C22600224169 /* TimelineView.swift */; };
		AC816B121AE4C22600224169 /* ViewController.swift in Sources */ = {isa = PBXBuildFile; fileRef = AC816B101AE4C22600224169 /* ViewController.swift */; };
		AC816B1A1AE5A53A00224169 /* square.png in Resources */ = {isa = PBXBuildFile; fileRef = AC816B161AE5A53A00224169 /* square.png */; };
		AC816B1B1AE5A53A00224169 /* interface.png in Resources */ = {isa = PBXBuildFile; fileRef = AC816B171AE5A53A00224169 /* interface.png */; };
		AC816B1C1AE5A53A00224169 /* flywheel.png in Resources */ = {isa = PBXBuildFile; fileRef = AC816B181AE5A53A00224169 /* flywheel.png */; };
		AC816B1E1AE5F3EC00224169 /* MenuViewController.swift in Sources */ = {isa = PBXBuildFile; fileRef = AC816B1D1AE5F3EC00224169 /* MenuViewController.swift */; };
		AC816B211AE5F99D00224169 /* CalorieGallery.png in Resources */ = {isa = PBXBuildFile; fileRef = AC816B1F1AE5F99D00224169 /* CalorieGallery.png */; };
		AC816B221AE5F99D00224169 /* PopDodge.png in Resources */ = {isa = PBXBuildFile; fileRef = AC816B201AE5F99D00224169 /* PopDodge.png */; };
		AC816B241AE5F9C700224169 /* DiviAppIcon.jpg in Resources */ = {isa = PBXBuildFile; fileRef = AC816B231AE5F9C700224169 /* DiviAppIcon.jpg */; };
		AC816B2A1AE5FA5700224169 /* BD2.jpg in Resources */ = {isa = PBXBuildFile; fileRef = AC816B291AE5FA5700224169 /* BD2.jpg */; };
		AC816B2C1AE5FD0900224169 /* SW.png in Resources */ = {isa = PBXBuildFile; fileRef = AC816B2B1AE5FD0900224169 /* SW.png */; };
		AC816B2E1AE5FD5C00224169 /* ITCup.jpg in Resources */ = {isa = PBXBuildFile; fileRef = AC816B2D1AE5FD5C00224169 /* ITCup.jpg */; };
		AC816B301AE5FF2900224169 /* AspirationsViewController.swift in Sources */ = {isa = PBXBuildFile; fileRef = AC816B2F1AE5FF2900224169 /* AspirationsViewController.swift */; };
		AC816B321AE5FF3900224169 /* HonorsViewController.swift in Sources */ = {isa = PBXBuildFile; fileRef = AC816B311AE5FF3900224169 /* HonorsViewController.swift */; };
		AC816B351AE6BE6500224169 /* backArrowWhite.png in Resources */ = {isa = PBXBuildFile; fileRef = AC816B341AE6BE6500224169 /* backArrowWhite.png */; };
		AC816B371AE6BED900224169 /* backArrowWhite2.png in Resources */ = {isa = PBXBuildFile; fileRef = AC816B361AE6BED900224169 /* backArrowWhite2.png */; };
		ACC1A8C01AE7CD9C003B90BF /* ruby.png in Resources */ = {isa = PBXBuildFile; fileRef = ACC1A8BF1AE7CD9C003B90BF /* ruby.png */; };
		ACC1A8C61AE7CDB0003B90BF /* coffee.png in Resources */ = {isa = PBXBuildFile; fileRef = ACC1A8C11AE7CDB0003B90BF /* coffee.png */; };
		ACC1A8C71AE7CDB0003B90BF /* crown.png in Resources */ = {isa = PBXBuildFile; fileRef = ACC1A8C21AE7CDB0003B90BF /* crown.png */; };
		ACC1A8C81AE7CDB0003B90BF /* gift.png in Resources */ = {isa = PBXBuildFile; fileRef = ACC1A8C31AE7CDB0003B90BF /* gift.png */; };
		ACC1A8C91AE7CDB0003B90BF /* heart.png in Resources */ = {isa = PBXBuildFile; fileRef = ACC1A8C41AE7CDB0003B90BF /* heart.png */; };
		ACC1A8CA1AE7CDB0003B90BF /* map.png in Resources */ = {isa = PBXBuildFile; fileRef = ACC1A8C51AE7CDB0003B90BF /* map.png */; };
		ACC1A8CF1AE81FA0003B90BF /* crown.png in Resources */ = {isa = PBXBuildFile; fileRef = ACC1A8CB1AE81F9F003B90BF /* crown.png */; };
		ACC1A8D01AE81FA0003B90BF /* heart.png in Resources */ = {isa = PBXBuildFile; fileRef = ACC1A8CC1AE81FA0003B90BF /* heart.png */; };
		ACC1A8D11AE81FA0003B90BF /* gift.png in Resources */ = {isa = PBXBuildFile; fileRef = ACC1A8CD1AE81FA0003B90BF /* gift.png */; };
		ACC1A8D21AE81FA0003B90BF /* mug.png in Resources */ = {isa = PBXBuildFile; fileRef = ACC1A8CE1AE81FA0003B90BF /* mug.png */; };
		ACC1A8D41AE822CF003B90BF /* WCDC.png in Resources */ = {isa = PBXBuildFile; fileRef = ACC1A8D31AE822CF003B90BF /* WCDC.png */; };
		ACDF79D61AE8424F00D28D1D /* CalorieGallerypng.png in Resources */ = {isa = PBXBuildFile; fileRef = ACDF79D21AE8424F00D28D1D /* CalorieGallerypng.png */; };
		ACDF79D71AE8424F00D28D1D /* poppng.png in Resources */ = {isa = PBXBuildFile; fileRef = ACDF79D31AE8424F00D28D1D /* poppng.png */; };
		ACDF79D81AE8424F00D28D1D /* BD2PNG.png in Resources */ = {isa = PBXBuildFile; fileRef = ACDF79D41AE8424F00D28D1D /* BD2PNG.png */; };
		ACDF79D91AE8424F00D28D1D /* DiviAppIconpng.png in Resources */ = {isa = PBXBuildFile; fileRef = ACDF79D51AE8424F00D28D1D /* DiviAppIconpng.png */; };
		ACDF79DB1AE8802600D28D1D /* TransitionManager.swift in Sources */ = {isa = PBXBuildFile; fileRef = ACDF79DA1AE8802600D28D1D /* TransitionManager.swift */; };
		ACDF79DD1AE89B2F00D28D1D /* mic.png in Resources */ = {isa = PBXBuildFile; fileRef = ACDF79DC1AE89B2F00D28D1D /* mic.png */; };
		ACE9B6811AE70CDE0051C1CD /* square1.jpg in Resources */ = {isa = PBXBuildFile; fileRef = ACE9B6801AE70CDE0051C1CD /* square1.jpg */; };
		ACE9B6851AE715250051C1CD /* ditrans.png in Resources */ = {isa = PBXBuildFile; fileRef = ACE9B6821AE715250051C1CD /* ditrans.png */; };
		ACE9B6861AE715250051C1CD /* globetrans.png in Resources */ = {isa = PBXBuildFile; fileRef = ACE9B6831AE715250051C1CD /* globetrans.png */; };
		ACE9B6871AE715250051C1CD /* mugtrans.png in Resources */ = {isa = PBXBuildFile; fileRef = ACE9B6841AE715250051C1CD /* mugtrans.png */; };
		ACE9B6891AE719540051C1CD /* chance.png in Resources */ = {isa = PBXBuildFile; fileRef = ACE9B6881AE719540051C1CD /* chance.png */; };
		ACE9B68D1AE719FD0051C1CD /* WomenTech.png in Resources */ = {isa = PBXBuildFile; fileRef = ACE9B68A1AE719FD0051C1CD /* WomenTech.png */; };
		ACE9B68E1AE719FD0051C1CD /* CMO.png in Resources */ = {isa = PBXBuildFile; fileRef = ACE9B68B1AE719FD0051C1CD /* CMO.png */; };
		ACE9B68F1AE719FD0051C1CD /* jack.png in Resources */ = {isa = PBXBuildFile; fileRef = ACE9B68C1AE719FD0051C1CD /* jack.png */; };
		ACE9B6911AE71BA50051C1CD /* NCWIT.png in Resources */ = {isa = PBXBuildFile; fileRef = ACE9B6901AE71BA50051C1CD /* NCWIT.png */; };
		ACE9B6931AE722290051C1CD /* Octocat.png in Resources */ = {isa = PBXBuildFile; fileRef = ACE9B6921AE722290051C1CD /* Octocat.png */; };
		ACE9B6951AE7237B0051C1CD /* gitIcon.png in Resources */ = {isa = PBXBuildFile; fileRef = ACE9B6941AE7237B0051C1CD /* gitIcon.png */; };
		ACF9784F1AE48C16008769F9 /* 1800227_10205715912039980_7327075649600560856_n (1).jpg in Resources */ = {isa = PBXBuildFile; fileRef = ACF9784E1AE48C16008769F9 /* 1800227_10205715912039980_7327075649600560856_n (1).jpg */; };
		ACF978511AE4B1DE008769F9 /* wwdc_2015_roundup.jpg in Resources */ = {isa = PBXBuildFile; fileRef = ACF978501AE4B1DE008769F9 /* wwdc_2015_roundup.jpg */; };
		ACF978531AE4B292008769F9 /* OpenViewController.swift in Sources */ = {isa = PBXBuildFile; fileRef = ACF978521AE4B292008769F9 /* OpenViewController.swift */; };
		F49BBF9B18E7D982006E563B /* Foundation.framework in Frameworks */ = {isa = PBXBuildFile; fileRef = F49BBF9A18E7D982006E563B /* Foundation.framework */; };
		F49BBF9D18E7D982006E563B /* CoreGraphics.framework in Frameworks */ = {isa = PBXBuildFile; fileRef = F49BBF9C18E7D982006E563B /* CoreGraphics.framework */; };
		F49BBF9F18E7D982006E563B /* UIKit.framework in Frameworks */ = {isa = PBXBuildFile; fileRef = F49BBF9E18E7D982006E563B /* UIKit.framework */; };
		F49BBFA518E7D982006E563B /* InfoPlist.strings in Resources */ = {isa = PBXBuildFile; fileRef = F49BBFA318E7D982006E563B /* InfoPlist.strings */; };
		F49BBFA718E7D982006E563B /* main.m in Sources */ = {isa = PBXBuildFile; fileRef = F49BBFA618E7D982006E563B /* main.m */; };
		F49BBFAB18E7D982006E563B /* ProfileAppDelegate.m in Sources */ = {isa = PBXBuildFile; fileRef = F49BBFAA18E7D982006E563B /* ProfileAppDelegate.m */; };
		F49BBFAE18E7D982006E563B /* Main.storyboard in Resources */ = {isa = PBXBuildFile; fileRef = F49BBFAC18E7D982006E563B /* Main.storyboard */; };
		F49BBFB118E7D982006E563B /* ProfileViewController.m in Sources */ = {isa = PBXBuildFile; fileRef = F49BBFB018E7D982006E563B /* ProfileViewController.m */; };
		F49BBFB318E7D982006E563B /* Images.xcassets in Resources */ = {isa = PBXBuildFile; fileRef = F49BBFB218E7D982006E563B /* Images.xcassets */; };
		F49BBFBA18E7D982006E563B /* XCTest.framework in Frameworks */ = {isa = PBXBuildFile; fileRef = F49BBFB918E7D982006E563B /* XCTest.framework */; };
		F49BBFBB18E7D982006E563B /* Foundation.framework in Frameworks */ = {isa = PBXBuildFile; fileRef = F49BBF9A18E7D982006E563B /* Foundation.framework */; };
		F49BBFBC18E7D982006E563B /* UIKit.framework in Frameworks */ = {isa = PBXBuildFile; fileRef = F49BBF9E18E7D982006E563B /* UIKit.framework */; };
		F49BBFC418E7D982006E563B /* InfoPlist.strings in Resources */ = {isa = PBXBuildFile; fileRef = F49BBFC218E7D982006E563B /* InfoPlist.strings */; };
		F49BBFC618E7D982006E563B /* ProfileDemoTests.m in Sources */ = {isa = PBXBuildFile; fileRef = F49BBFC518E7D982006E563B /* ProfileDemoTests.m */; };
/* End PBXBuildFile section */

/* Begin PBXContainerItemProxy section */
		F49BBFBD18E7D982006E563B /* PBXContainerItemProxy */ = {
			isa = PBXContainerItemProxy;
			containerPortal = F49BBF8F18E7D982006E563B /* Project object */;
			proxyType = 1;
			remoteGlobalIDString = F49BBF9618E7D982006E563B;
			remoteInfo = ProfileDemo;
		};
/* End PBXContainerItemProxy section */

/* Begin PBXFileReference section */
		AC29547F1AE2CC1D00BE2A66 /* KatSlumpPic.jpg */ = {isa = PBXFileReference; lastKnownFileType = image.jpeg; path = KatSlumpPic.jpg; sourceTree = "<group>"; };
		AC2954811AE2CCBE00BE2A66 /* background.jpg */ = {isa = PBXFileReference; lastKnownFileType = image.jpeg; path = background.jpg; sourceTree = "<group>"; };
		AC2954831AE2CD4F00BE2A66 /* next15.png */ = {isa = PBXFileReference; lastKnownFileType = image.png; path = next15.png; sourceTree = "<group>"; };
		AC2954851AE2CFFD00BE2A66 /* dots.png */ = {isa = PBXFileReference; lastKnownFileType = image.png; path = dots.png; sourceTree = "<group>"; };
		AC29548B1AE2D4DC00BE2A66 /* ProfileDemo-Bridging-Header.h */ = {isa = PBXFileReference; lastKnownFileType = sourcecode.c.h; path = "ProfileDemo-Bridging-Header.h"; sourceTree = "<group>"; };
		AC29548C1AE2D4DD00BE2A66 /* SecondViewController.swift */ = {isa = PBXFileReference; fileEncoding = 4; lastKnownFileType = sourcecode.swift; path = SecondViewController.swift; sourceTree = "<group>"; };
		AC29548E1AE2D4F000BE2A66 /* ThirdViewController.swift */ = {isa = PBXFileReference; fileEncoding = 4; lastKnownFileType = sourcecode.swift; path = ThirdViewController.swift; sourceTree = "<group>"; };
		AC2954901AE2D4FF00BE2A66 /* FourthViewController.swift */ = {isa = PBXFileReference; fileEncoding = 4; lastKnownFileType = sourcecode.swift; path = FourthViewController.swift; sourceTree = "<group>"; };
		AC2954961AE2E0F700BE2A66 /* twitter-icon.png */ = {isa = PBXFileReference; lastKnownFileType = image.png; path = "twitter-icon.png"; sourceTree = "<group>"; };
		AC2954981AE2E10700BE2A66 /* facebok-icon.png */ = {isa = PBXFileReference; lastKnownFileType = image.png; path = "facebok-icon.png"; sourceTree = "<group>"; };
		AC2954991AE2E10700BE2A66 /* instagram.png */ = {isa = PBXFileReference; lastKnownFileType = image.png; path = instagram.png; sourceTree = "<group>"; };
		AC29549A1AE2E10700BE2A66 /* linkedin-icon.png */ = {isa = PBXFileReference; lastKnownFileType = image.png; path = "linkedin-icon.png"; sourceTree = "<group>"; };
		AC816B0F1AE4C22600224169 /* TimelineView.swift */ = {isa = PBXFileReference; fileEncoding = 4; lastKnownFileType = sourcecode.swift; path = TimelineView.swift; sourceTree = "<group>"; };
		AC816B101AE4C22600224169 /* ViewController.swift */ = {isa = PBXFileReference; fileEncoding = 4; lastKnownFileType = sourcecode.swift; path = ViewController.swift; sourceTree = "<group>"; };
		AC816B161AE5A53A00224169 /* square.png */ = {isa = PBXFileReference; lastKnownFileType = image.png; path = square.png; sourceTree = "<group>"; };
		AC816B171AE5A53A00224169 /* interface.png */ = {isa = PBXFileReference; lastKnownFileType = image.png; path = interface.png; sourceTree = "<group>"; };
		AC816B181AE5A53A00224169 /* flywheel.png */ = {isa = PBXFileReference; lastKnownFileType = image.png; path = flywheel.png; sourceTree = "<group>"; };
		AC816B1D1AE5F3EC00224169 /* MenuViewController.swift */ = {isa = PBXFileReference; fileEncoding = 4; lastKnownFileType = sourcecode.swift; path = MenuViewController.swift; sourceTree = "<group>"; };
		AC816B1F1AE5F99D00224169 /* CalorieGallery.png */ = {isa = PBXFileReference; lastKnownFileType = image.png; path = CalorieGallery.png; sourceTree = "<group>"; };
		AC816B201AE5F99D00224169 /* PopDodge.png */ = {isa = PBXFileReference; lastKnownFileType = image.png; path = PopDodge.png; sourceTree = "<group>"; };
		AC816B231AE5F9C700224169 /* DiviAppIcon.jpg */ = {isa = PBXFileReference; lastKnownFileType = image.jpeg; path = DiviAppIcon.jpg; sourceTree = "<group>"; };
		AC816B291AE5FA5700224169 /* BD2.jpg */ = {isa = PBXFileReference; lastKnownFileType = image.jpeg; path = BD2.jpg; sourceTree = "<group>"; };
		AC816B2B1AE5FD0900224169 /* SW.png */ = {isa = PBXFileReference; lastKnownFileType = image.png; path = SW.png; sourceTree = "<group>"; };
		AC816B2D1AE5FD5C00224169 /* ITCup.jpg */ = {isa = PBXFileReference; lastKnownFileType = image.jpeg; path = ITCup.jpg; sourceTree = "<group>"; };
		AC816B2F1AE5FF2900224169 /* AspirationsViewController.swift */ = {isa = PBXFileReference; fileEncoding = 4; lastKnownFileType = sourcecode.swift; path = AspirationsViewController.swift; sourceTree = "<group>"; };
		AC816B311AE5FF3900224169 /* HonorsViewController.swift */ = {isa = PBXFileReference; fileEncoding = 4; lastKnownFileType = sourcecode.swift; path = HonorsViewController.swift; sourceTree = "<group>"; };
		AC816B341AE6BE6500224169 /* backArrowWhite.png */ = {isa = PBXFileReference; lastKnownFileType = image.png; path = backArrowWhite.png; sourceTree = "<group>"; };
		AC816B361AE6BED900224169 /* backArrowWhite2.png */ = {isa = PBXFileReference; lastKnownFileType = image.png; path = backArrowWhite2.png; sourceTree = "<group>"; };
		ACC1A8BF1AE7CD9C003B90BF /* ruby.png */ = {isa = PBXFileReference; lastKnownFileType = image.png; path = ruby.png; sourceTree = "<group>"; };
		ACC1A8C11AE7CDB0003B90BF /* coffee.png */ = {isa = PBXFileReference; lastKnownFileType = image.png; path = coffee.png; sourceTree = "<group>"; };
		ACC1A8C21AE7CDB0003B90BF /* crown.png */ = {isa = PBXFileReference; lastKnownFileType = image.png; path = crown.png; sourceTree = "<group>"; };
		ACC1A8C31AE7CDB0003B90BF /* gift.png */ = {isa = PBXFileReference; lastKnownFileType = image.png; path = gift.png; sourceTree = "<group>"; };
		ACC1A8C41AE7CDB0003B90BF /* heart.png */ = {isa = PBXFileReference; lastKnownFileType = image.png; path = heart.png; sourceTree = "<group>"; };
		ACC1A8C51AE7CDB0003B90BF /* map.png */ = {isa = PBXFileReference; lastKnownFileType = image.png; path = map.png; sourceTree = "<group>"; };
		ACC1A8CB1AE81F9F003B90BF /* crown.png */ = {isa = PBXFileReference; lastKnownFileType = image.png; path = crown.png; sourceTree = "<group>"; };
		ACC1A8CC1AE81FA0003B90BF /* heart.png */ = {isa = PBXFileReference; lastKnownFileType = image.png; path = heart.png; sourceTree = "<group>"; };
		ACC1A8CD1AE81FA0003B90BF /* gift.png */ = {isa = PBXFileReference; lastKnownFileType = image.png; path = gift.png; sourceTree = "<group>"; };
		ACC1A8CE1AE81FA0003B90BF /* mug.png */ = {isa = PBXFileReference; lastKnownFileType = image.png; path = mug.png; sourceTree = "<group>"; };
		ACC1A8D31AE822CF003B90BF /* WCDC.png */ = {isa = PBXFileReference; lastKnownFileType = image.png; path = WCDC.png; sourceTree = "<group>"; };
		ACDF79D21AE8424F00D28D1D /* CalorieGallerypng.png */ = {isa = PBXFileReference; lastKnownFileType = image.png; path = CalorieGallerypng.png; sourceTree = "<group>"; };
		ACDF79D31AE8424F00D28D1D /* poppng.png */ = {isa = PBXFileReference; lastKnownFileType = image.png; path = poppng.png; sourceTree = "<group>"; };
		ACDF79D41AE8424F00D28D1D /* BD2PNG.png */ = {isa = PBXFileReference; lastKnownFileType = image.png; path = BD2PNG.png; sourceTree = "<group>"; };
		ACDF79D51AE8424F00D28D1D /* DiviAppIconpng.png */ = {isa = PBXFileReference; lastKnownFileType = image.png; path = DiviAppIconpng.png; sourceTree = "<group>"; };
		ACDF79DA1AE8802600D28D1D /* TransitionManager.swift */ = {isa = PBXFileReference; fileEncoding = 4; lastKnownFileType = sourcecode.swift; name = TransitionManager.swift; path = ../TransitionManager.swift; sourceTree = "<group>"; };
		ACDF79DC1AE89B2F00D28D1D /* mic.png */ = {isa = PBXFileReference; lastKnownFileType = image.png; path = mic.png; sourceTree = "<group>"; };
		ACE9B6801AE70CDE0051C1CD /* square1.jpg */ = {isa = PBXFileReference; lastKnownFileType = image.jpeg; path = square1.jpg; sourceTree = "<group>"; };
		ACE9B6821AE715250051C1CD /* ditrans.png */ = {isa = PBXFileReference; lastKnownFileType = image.png; path = ditrans.png; sourceTree = "<group>"; };
		ACE9B6831AE715250051C1CD /* globetrans.png */ = {isa = PBXFileReference; lastKnownFileType = image.png; path = globetrans.png; sourceTree = "<group>"; };
		ACE9B6841AE715250051C1CD /* mugtrans.png */ = {isa = PBXFileReference; lastKnownFileType = image.png; path = mugtrans.png; sourceTree = "<group>"; };
		ACE9B6881AE719540051C1CD /* chance.png */ = {isa = PBXFileReference; lastKnownFileType = image.png; path = chance.png; sourceTree = "<group>"; };
		ACE9B68A1AE719FD0051C1CD /* WomenTech.png */ = {isa = PBXFileReference; lastKnownFileType = image.png; path = WomenTech.png; sourceTree = "<group>"; };
		ACE9B68B1AE719FD0051C1CD /* CMO.png */ = {isa = PBXFileReference; lastKnownFileType = image.png; path = CMO.png; sourceTree = "<group>"; };
		ACE9B68C1AE719FD0051C1CD /* jack.png */ = {isa = PBXFileReference; lastKnownFileType = image.png; path = jack.png; sourceTree = "<group>"; };
		ACE9B6901AE71BA50051C1CD /* NCWIT.png */ = {isa = PBXFileReference; lastKnownFileType = image.png; path = NCWIT.png; sourceTree = "<group>"; };
		ACE9B6921AE722290051C1CD /* Octocat.png */ = {isa = PBXFileReference; lastKnownFileType = image.png; path = Octocat.png; sourceTree = "<group>"; };
		ACE9B6941AE7237B0051C1CD /* gitIcon.png */ = {isa = PBXFileReference; lastKnownFileType = image.png; path = gitIcon.png; sourceTree = "<group>"; };
		ACF9784E1AE48C16008769F9 /* 1800227_10205715912039980_7327075649600560856_n (1).jpg */ = {isa = PBXFileReference; lastKnownFileType = image.jpeg; path = "1800227_10205715912039980_7327075649600560856_n (1).jpg"; sourceTree = "<group>"; };
		ACF978501AE4B1DE008769F9 /* wwdc_2015_roundup.jpg */ = {isa = PBXFileReference; lastKnownFileType = image.jpeg; path = wwdc_2015_roundup.jpg; sourceTree = "<group>"; };
		ACF978521AE4B292008769F9 /* OpenViewController.swift */ = {isa = PBXFileReference; fileEncoding = 4; lastKnownFileType = sourcecode.swift; path = OpenViewController.swift; sourceTree = "<group>"; };
		F49BBF9718E7D982006E563B /* ProfileDemo.app */ = {isa = PBXFileReference; explicitFileType = wrapper.application; includeInIndex = 0; path = ProfileDemo.app; sourceTree = BUILT_PRODUCTS_DIR; };
		F49BBF9A18E7D982006E563B /* Foundation.framework */ = {isa = PBXFileReference; lastKnownFileType = wrapper.framework; name = Foundation.framework; path = System/Library/Frameworks/Foundation.framework; sourceTree = SDKROOT; };
		F49BBF9C18E7D982006E563B /* CoreGraphics.framework */ = {isa = PBXFileReference; lastKnownFileType = wrapper.framework; name = CoreGraphics.framework; path = System/Library/Frameworks/CoreGraphics.framework; sourceTree = SDKROOT; };
		F49BBF9E18E7D982006E563B /* UIKit.framework */ = {isa = PBXFileReference; lastKnownFileType = wrapper.framework; name = UIKit.framework; path = System/Library/Frameworks/UIKit.framework; sourceTree = SDKROOT; };
		F49BBFA218E7D982006E563B /* ProfileDemo-Info.plist */ = {isa = PBXFileReference; lastKnownFileType = text.plist.xml; path = "ProfileDemo-Info.plist"; sourceTree = "<group>"; };
		F49BBFA418E7D982006E563B /* en */ = {isa = PBXFileReference; lastKnownFileType = text.plist.strings; name = en; path = en.lproj/InfoPlist.strings; sourceTree = "<group>"; };
		F49BBFA618E7D982006E563B /* main.m */ = {isa = PBXFileReference; lastKnownFileType = sourcecode.c.objc; path = main.m; sourceTree = "<group>"; };
		F49BBFA818E7D982006E563B /* ProfileDemo-Prefix.pch */ = {isa = PBXFileReference; lastKnownFileType = sourcecode.c.h; path = "ProfileDemo-Prefix.pch"; sourceTree = "<group>"; };
		F49BBFA918E7D982006E563B /* ProfileAppDelegate.h */ = {isa = PBXFileReference; lastKnownFileType = sourcecode.c.h; path = ProfileAppDelegate.h; sourceTree = "<group>"; };
		F49BBFAA18E7D982006E563B /* ProfileAppDelegate.m */ = {isa = PBXFileReference; lastKnownFileType = sourcecode.c.objc; path = ProfileAppDelegate.m; sourceTree = "<group>"; };
		F49BBFAD18E7D982006E563B /* Base */ = {isa = PBXFileReference; lastKnownFileType = file.storyboard; name = Base; path = Base.lproj/Main.storyboard; sourceTree = "<group>"; };
		F49BBFAF18E7D982006E563B /* ProfileViewController.h */ = {isa = PBXFileReference; lastKnownFileType = sourcecode.c.h; path = ProfileViewController.h; sourceTree = "<group>"; };
		F49BBFB018E7D982006E563B /* ProfileViewController.m */ = {isa = PBXFileReference; lastKnownFileType = sourcecode.c.objc; path = ProfileViewController.m; sourceTree = "<group>"; };
		F49BBFB218E7D982006E563B /* Images.xcassets */ = {isa = PBXFileReference; lastKnownFileType = folder.assetcatalog; path = Images.xcassets; sourceTree = "<group>"; };
		F49BBFB818E7D982006E563B /* ProfileDemoTests.xctest */ = {isa = PBXFileReference; explicitFileType = wrapper.cfbundle; includeInIndex = 0; path = ProfileDemoTests.xctest; sourceTree = BUILT_PRODUCTS_DIR; };
		F49BBFB918E7D982006E563B /* XCTest.framework */ = {isa = PBXFileReference; lastKnownFileType = wrapper.framework; name = XCTest.framework; path = Library/Frameworks/XCTest.framework; sourceTree = DEVELOPER_DIR; };
		F49BBFC118E7D982006E563B /* ProfileDemoTests-Info.plist */ = {isa = PBXFileReference; lastKnownFileType = text.plist.xml; path = "ProfileDemoTests-Info.plist"; sourceTree = "<group>"; };
		F49BBFC318E7D982006E563B /* en */ = {isa = PBXFileReference; lastKnownFileType = text.plist.strings; name = en; path = en.lproj/InfoPlist.strings; sourceTree = "<group>"; };
		F49BBFC518E7D982006E563B /* ProfileDemoTests.m */ = {isa = PBXFileReference; lastKnownFileType = sourcecode.c.objc; path = ProfileDemoTests.m; sourceTree = "<group>"; };
/* End PBXFileReference section */

/* Begin PBXFrameworksBuildPhase section */
		F49BBF9418E7D982006E563B /* Frameworks */ = {
			isa = PBXFrameworksBuildPhase;
			buildActionMask = 2147483647;
			files = (
				F49BBF9D18E7D982006E563B /* CoreGraphics.framework in Frameworks */,
				F49BBF9F18E7D982006E563B /* UIKit.framework in Frameworks */,
				F49BBF9B18E7D982006E563B /* Foundation.framework in Frameworks */,
			);
			runOnlyForDeploymentPostprocessing = 0;
		};
		F49BBFB518E7D982006E563B /* Frameworks */ = {
			isa = PBXFrameworksBuildPhase;
			buildActionMask = 2147483647;
			files = (
				F49BBFBA18E7D982006E563B /* XCTest.framework in Frameworks */,
				F49BBFBC18E7D982006E563B /* UIKit.framework in Frameworks */,
				F49BBFBB18E7D982006E563B /* Foundation.framework in Frameworks */,
			);
			runOnlyForDeploymentPostprocessing = 0;
		};
/* End PBXFrameworksBuildPhase section */

/* Begin PBXGroup section */
		F49BBF8E18E7D981006E563B = {
			isa = PBXGroup;
			children = (
				F49BBFA018E7D982006E563B /* ProfileDemo */,
				F49BBFBF18E7D982006E563B /* ProfileDemoTests */,
				F49BBF9918E7D982006E563B /* Frameworks */,
				F49BBF9818E7D982006E563B /* Products */,
			);
			sourceTree = "<group>";
		};
		F49BBF9818E7D982006E563B /* Products */ = {
			isa = PBXGroup;
			children = (
				F49BBF9718E7D982006E563B /* ProfileDemo.app */,
				F49BBFB818E7D982006E563B /* ProfileDemoTests.xctest */,
			);
			name = Products;
			sourceTree = "<group>";
		};
		F49BBF9918E7D982006E563B /* Frameworks */ = {
			isa = PBXGroup;
			children = (
				F49BBF9A18E7D982006E563B /* Foundation.framework */,
				F49BBF9C18E7D982006E563B /* CoreGraphics.framework */,
				F49BBF9E18E7D982006E563B /* UIKit.framework */,
				F49BBFB918E7D982006E563B /* XCTest.framework */,
			);
			name = Frameworks;
			sourceTree = "<group>";
		};
		F49BBFA018E7D982006E563B /* ProfileDemo */ = {
			isa = PBXGroup;
			children = (
				F49BBFCF18E7DA63006E563B /* images */,
				F49BBFA918E7D982006E563B /* ProfileAppDelegate.h */,
				ACDF79DA1AE8802600D28D1D /* TransitionManager.swift */,
				AC816B0F1AE4C22600224169 /* TimelineView.swift */,
				AC816B101AE4C22600224169 /* ViewController.swift */,
				F49BBFAA18E7D982006E563B /* ProfileAppDelegate.m */,
				F49BBFAC18E7D982006E563B /* Main.storyboard */,
				AC816B311AE5FF3900224169 /* HonorsViewController.swift */,
				AC816B2F1AE5FF2900224169 /* AspirationsViewController.swift */,
				AC816B1D1AE5F3EC00224169 /* MenuViewController.swift */,
				ACF978521AE4B292008769F9 /* OpenViewController.swift */,
				AC29548C1AE2D4DD00BE2A66 /* SecondViewController.swift */,
				AC29548E1AE2D4F000BE2A66 /* ThirdViewController.swift */,
				AC2954901AE2D4FF00BE2A66 /* FourthViewController.swift */,
				F49BBFAF18E7D982006E563B /* ProfileViewController.h */,
				F49BBFB018E7D982006E563B /* ProfileViewController.m */,
				F49BBFB218E7D982006E563B /* Images.xcassets */,
				F49BBFA118E7D982006E563B /* Supporting Files */,
				AC29548B1AE2D4DC00BE2A66 /* ProfileDemo-Bridging-Header.h */,
			);
			path = ProfileDemo;
			sourceTree = "<group>";
		};
		F49BBFA118E7D982006E563B /* Supporting Files */ = {
			isa = PBXGroup;
			children = (
				F49BBFA218E7D982006E563B /* ProfileDemo-Info.plist */,
				F49BBFA318E7D982006E563B /* InfoPlist.strings */,
				F49BBFA618E7D982006E563B /* main.m */,
				F49BBFA818E7D982006E563B /* ProfileDemo-Prefix.pch */,
			);
			name = "Supporting Files";
			sourceTree = "<group>";
		};
		F49BBFBF18E7D982006E563B /* ProfileDemoTests */ = {
			isa = PBXGroup;
			children = (
				F49BBFC518E7D982006E563B /* ProfileDemoTests.m */,
				F49BBFC018E7D982006E563B /* Supporting Files */,
			);
			path = ProfileDemoTests;
			sourceTree = "<group>";
		};
		F49BBFC018E7D982006E563B /* Supporting Files */ = {
			isa = PBXGroup;
			children = (
				F49BBFC118E7D982006E563B /* ProfileDemoTests-Info.plist */,
				F49BBFC218E7D982006E563B /* InfoPlist.strings */,
			);
			name = "Supporting Files";
			sourceTree = "<group>";
		};
		F49BBFCF18E7DA63006E563B /* images */ = {
			isa = PBXGroup;
			children = (
				ACDF79DC1AE89B2F00D28D1D /* mic.png */,
				ACE9B6921AE722290051C1CD /* Octocat.png */,
				ACE9B6901AE71BA50051C1CD /* NCWIT.png */,
				ACE9B6801AE70CDE0051C1CD /* square1.jpg */,
				AC816B341AE6BE6500224169 /* backArrowWhite.png */,
				AC29547F1AE2CC1D00BE2A66 /* KatSlumpPic.jpg */,
				ACF9784E1AE48C16008769F9 /* 1800227_10205715912039980_7327075649600560856_n (1).jpg */,
				ACE9B6941AE7237B0051C1CD /* gitIcon.png */,
				ACF978501AE4B1DE008769F9 /* wwdc_2015_roundup.jpg */,
				AC2954811AE2CCBE00BE2A66 /* background.jpg */,
				AC816B161AE5A53A00224169 /* square.png */,
				ACC1A8C11AE7CDB0003B90BF /* coffee.png */,
				ACC1A8C21AE7CDB0003B90BF /* crown.png */,
				ACC1A8C31AE7CDB0003B90BF /* gift.png */,
				ACC1A8C41AE7CDB0003B90BF /* heart.png */,
				ACC1A8CB1AE81F9F003B90BF /* crown.png */,
				ACC1A8CC1AE81FA0003B90BF /* heart.png */,
				ACC1A8CD1AE81FA0003B90BF /* gift.png */,
				ACC1A8CE1AE81FA0003B90BF /* mug.png */,
				ACC1A8C51AE7CDB0003B90BF /* map.png */,
				ACC1A8BF1AE7CD9C003B90BF /* ruby.png */,
				AC816B171AE5A53A00224169 /* interface.png */,
				AC816B1F1AE5F99D00224169 /* CalorieGallery.png */,
				ACC1A8D31AE822CF003B90BF /* WCDC.png */,
				AC816B201AE5F99D00224169 /* PopDodge.png */,
				AC816B181AE5A53A00224169 /* flywheel.png */,
				AC2954961AE2E0F700BE2A66 /* twitter-icon.png */,
				AC816B2D1AE5FD5C00224169 /* ITCup.jpg */,
				ACE9B68A1AE719FD0051C1CD /* WomenTech.png */,
				ACE9B68B1AE719FD0051C1CD /* CMO.png */,
				ACE9B68C1AE719FD0051C1CD /* jack.png */,
				AC816B361AE6BED900224169 /* backArrowWhite2.png */,
				AC816B2B1AE5FD0900224169 /* SW.png */,
				AC2954831AE2CD4F00BE2A66 /* next15.png */,
				AC816B291AE5FA5700224169 /* BD2.jpg */,
				AC2954981AE2E10700BE2A66 /* facebok-icon.png */,
				AC816B231AE5F9C700224169 /* DiviAppIcon.jpg */,
				ACE9B6821AE715250051C1CD /* ditrans.png */,
				ACDF79D21AE8424F00D28D1D /* CalorieGallerypng.png */,
				ACDF79D31AE8424F00D28D1D /* poppng.png */,
				ACDF79D41AE8424F00D28D1D /* BD2PNG.png */,
				ACDF79D51AE8424F00D28D1D /* DiviAppIconpng.png */,
				ACE9B6881AE719540051C1CD /* chance.png */,
				ACE9B6831AE715250051C1CD /* globetrans.png */,
				ACE9B6841AE715250051C1CD /* mugtrans.png */,
				AC2954991AE2E10700BE2A66 /* instagram.png */,
				AC29549A1AE2E10700BE2A66 /* linkedin-icon.png */,
				AC2954851AE2CFFD00BE2A66 /* dots.png */,
			);
			name = images;
			sourceTree = "<group>";
		};
/* End PBXGroup section */

/* Begin PBXNativeTarget section */
		F49BBF9618E7D982006E563B /* ProfileDemo */ = {
			isa = PBXNativeTarget;
			buildConfigurationList = F49BBFC918E7D982006E563B /* Build configuration list for PBXNativeTarget "ProfileDemo" */;
			buildPhases = (
				F49BBF9318E7D982006E563B /* Sources */,
				F49BBF9418E7D982006E563B /* Frameworks */,
				F49BBF9518E7D982006E563B /* Resources */,
			);
			buildRules = (
			);
			dependencies = (
			);
			name = ProfileDemo;
			productName = ProfileDemo;
			productReference = F49BBF9718E7D982006E563B /* ProfileDemo.app */;
			productType = "com.apple.product-type.application";
		};
		F49BBFB718E7D982006E563B /* ProfileDemoTests */ = {
			isa = PBXNativeTarget;
			buildConfigurationList = F49BBFCC18E7D982006E563B /* Build configuration list for PBXNativeTarget "ProfileDemoTests" */;
			buildPhases = (
				F49BBFB418E7D982006E563B /* Sources */,
				F49BBFB518E7D982006E563B /* Frameworks */,
				F49BBFB618E7D982006E563B /* Resources */,
			);
			buildRules = (
			);
			dependencies = (
				F49BBFBE18E7D982006E563B /* PBXTargetDependency */,
			);
			name = ProfileDemoTests;
			productName = ProfileDemoTests;
			productReference = F49BBFB818E7D982006E563B /* ProfileDemoTests.xctest */;
			productType = "com.apple.product-type.bundle.unit-test";
		};
/* End PBXNativeTarget section */

/* Begin PBXProject section */
		F49BBF8F18E7D982006E563B /* Project object */ = {
			isa = PBXProject;
			attributes = {
				CLASSPREFIX = Profile;
				LastUpgradeCheck = 0510;
				ORGANIZATIONNAME = Appcoda;
				TargetAttributes = {
					F49BBFB718E7D982006E563B = {
						TestTargetID = F49BBF9618E7D982006E563B;
					};
				};
			};
			buildConfigurationList = F49BBF9218E7D982006E563B /* Build configuration list for PBXProject "KatSlump" */;
			compatibilityVersion = "Xcode 3.2";
			developmentRegion = English;
			hasScannedForEncodings = 0;
			knownRegions = (
				en,
				Base,
			);
			mainGroup = F49BBF8E18E7D981006E563B;
			productRefGroup = F49BBF9818E7D982006E563B /* Products */;
			projectDirPath = "";
			projectRoot = "";
			targets = (
				F49BBF9618E7D982006E563B /* ProfileDemo */,
				F49BBFB718E7D982006E563B /* ProfileDemoTests */,
			);
		};
/* End PBXProject section */

/* Begin PBXResourcesBuildPhase section */
		F49BBF9518E7D982006E563B /* Resources */ = {
			isa = PBXResourcesBuildPhase;
			buildActionMask = 2147483647;
			files = (
				ACC1A8CF1AE81FA0003B90BF /* crown.png in Resources */,
				ACE9B68D1AE719FD0051C1CD /* WomenTech.png in Resources */,
				AC816B211AE5F99D00224169 /* CalorieGallery.png in Resources */,
				ACC1A8D21AE81FA0003B90BF /* mug.png in Resources */,
				ACDF79D61AE8424F00D28D1D /* CalorieGallerypng.png in Resources */,
				AC816B371AE6BED900224169 /* backArrowWhite2.png in Resources */,
				ACC1A8CA1AE7CDB0003B90BF /* map.png in Resources */,
				ACC1A8C91AE7CDB0003B90BF /* heart.png in Resources */,
				ACC1A8C71AE7CDB0003B90BF /* crown.png in Resources */,
				ACC1A8C81AE7CDB0003B90BF /* gift.png in Resources */,
				AC816B351AE6BE6500224169 /* backArrowWhite.png in Resources */,
				ACE9B6891AE719540051C1CD /* chance.png in Resources */,
				AC2954861AE2CFFD00BE2A66 /* dots.png in Resources */,
				ACE9B6851AE715250051C1CD /* ditrans.png in Resources */,
				ACC1A8C01AE7CD9C003B90BF /* ruby.png in Resources */,
				AC816B1A1AE5A53A00224169 /* square.png in Resources */,
				AC816B1C1AE5A53A00224169 /* flywheel.png in Resources */,
				ACE9B6861AE715250051C1CD /* globetrans.png in Resources */,
				ACDF79D91AE8424F00D28D1D /* DiviAppIconpng.png in Resources */,
				ACDF79DD1AE89B2F00D28D1D /* mic.png in Resources */,
				ACF9784F1AE48C16008769F9 /* 1800227_10205715912039980_7327075649600560856_n (1).jpg in Resources */,
				AC2954971AE2E0F700BE2A66 /* twitter-icon.png in Resources */,
				ACC1A8D11AE81FA0003B90BF /* gift.png in Resources */,
				AC816B2A1AE5FA5700224169 /* BD2.jpg in Resources */,
				AC29549C1AE2E10700BE2A66 /* instagram.png in Resources */,
				ACF978511AE4B1DE008769F9 /* wwdc_2015_roundup.jpg in Resources */,
				AC816B2C1AE5FD0900224169 /* SW.png in Resources */,
				ACC1A8D01AE81FA0003B90BF /* heart.png in Resources */,
				ACE9B6951AE7237B0051C1CD /* gitIcon.png in Resources */,
				ACE9B6871AE715250051C1CD /* mugtrans.png in Resources */,
				ACE9B68F1AE719FD0051C1CD /* jack.png in Resources */,
				F49BBFB318E7D982006E563B /* Images.xcassets in Resources */,
				AC816B241AE5F9C700224169 /* DiviAppIcon.jpg in Resources */,
				ACE9B6931AE722290051C1CD /* Octocat.png in Resources */,
				ACE9B6811AE70CDE0051C1CD /* square1.jpg in Resources */,
				F49BBFA518E7D982006E563B /* InfoPlist.strings in Resources */,
				AC816B221AE5F99D00224169 /* PopDodge.png in Resources */,
				ACE9B68E1AE719FD0051C1CD /* CMO.png in Resources */,
				AC29549D1AE2E10700BE2A66 /* linkedin-icon.png in Resources */,
				AC816B1B1AE5A53A00224169 /* interface.png in Resources */,
				AC816B2E1AE5FD5C00224169 /* ITCup.jpg in Resources */,
				AC29549B1AE2E10700BE2A66 /* facebok-icon.png in Resources */,
				AC2954821AE2CCBE00BE2A66 /* background.jpg in Resources */,
				ACC1A8D41AE822CF003B90BF /* WCDC.png in Resources */,
				ACE9B6911AE71BA50051C1CD /* NCWIT.png in Resources */,
				AC2954801AE2CC1D00BE2A66 /* KatSlumpPic.jpg in Resources */,
				F49BBFAE18E7D982006E563B /* Main.storyboard in Resources */,
				ACDF79D81AE8424F00D28D1D /* BD2PNG.png in Resources */,
				ACDF79D71AE8424F00D28D1D /* poppng.png in Resources */,
				AC2954841AE2CD4F00BE2A66 /* next15.png in Resources */,
				ACC1A8C61AE7CDB0003B90BF /* coffee.png in Resources */,
			);
			runOnlyForDeploymentPostprocessing = 0;
		};
		F49BBFB618E7D982006E563B /* Resources */ = {
			isa = PBXResourcesBuildPhase;
			buildActionMask = 2147483647;
			files = (
				F49BBFC418E7D982006E563B /* InfoPlist.strings in Resources */,
			);
			runOnlyForDeploymentPostprocessing = 0;
		};
/* End PBXResourcesBuildPhase section */

/* Begin PBXSourcesBuildPhase section */
		F49BBF9318E7D982006E563B /* Sources */ = {
			isa = PBXSourcesBuildPhase;
			buildActionMask = 2147483647;
			files = (
				AC2954911AE2D4FF00BE2A66 /* FourthViewController.swift in Sources */,
				AC816B321AE5FF3900224169 /* HonorsViewController.swift in Sources */,
				AC29548D1AE2D4DD00BE2A66 /* SecondViewController.swift in Sources */,
				ACDF79DB1AE8802600D28D1D /* TransitionManager.swift in Sources */,
				F49BBFAB18E7D982006E563B /* ProfileAppDelegate.m in Sources */,
				AC816B121AE4C22600224169 /* ViewController.swift in Sources */,
				AC816B1E1AE5F3EC00224169 /* MenuViewController.swift in Sources */,
				AC29548F1AE2D4F000BE2A66 /* ThirdViewController.swift in Sources */,
				F49BBFB118E7D982006E563B /* ProfileViewController.m in Sources */,
				F49BBFA718E7D982006E563B /* main.m in Sources */,
				ACF978531AE4B292008769F9 /* OpenViewController.swift in Sources */,
				AC816B111AE4C22600224169 /* TimelineView.swift in Sources */,
				AC816B301AE5FF2900224169 /* AspirationsViewController.swift in Sources */,
			);
			runOnlyForDeploymentPostprocessing = 0;
		};
		F49BBFB418E7D982006E563B /* Sources */ = {
			isa = PBXSourcesBuildPhase;
			buildActionMask = 2147483647;
			files = (
				F49BBFC618E7D982006E563B /* ProfileDemoTests.m in Sources */,
			);
			runOnlyForDeploymentPostprocessing = 0;
		};
/* End PBXSourcesBuildPhase section */

/* Begin PBXTargetDependency section */
		F49BBFBE18E7D982006E563B /* PBXTargetDependency */ = {
			isa = PBXTargetDependency;
			target = F49BBF9618E7D982006E563B /* ProfileDemo */;
			targetProxy = F49BBFBD18E7D982006E563B /* PBXContainerItemProxy */;
		};
/* End PBXTargetDependency section */

/* Begin PBXVariantGroup section */
		F49BBFA318E7D982006E563B /* InfoPlist.strings */ = {
			isa = PBXVariantGroup;
			children = (
				F49BBFA418E7D982006E563B /* en */,
			);
			name = InfoPlist.strings;
			sourceTree = "<group>";
		};
		F49BBFAC18E7D982006E563B /* Main.storyboard */ = {
			isa = PBXVariantGroup;
			children = (
				F49BBFAD18E7D982006E563B /* Base */,
			);
			name = Main.storyboard;
			sourceTree = "<group>";
		};
		F49BBFC218E7D982006E563B /* InfoPlist.strings */ = {
			isa = PBXVariantGroup;
			children = (
				F49BBFC318E7D982006E563B /* en */,
			);
			name = InfoPlist.strings;
			sourceTree = "<group>";
		};
/* End PBXVariantGroup section */

/* Begin XCBuildConfiguration section */
		F49BBFC718E7D982006E563B /* Debug */ = {
			isa = XCBuildConfiguration;
			buildSettings = {
				ALWAYS_SEARCH_USER_PATHS = NO;
				CLANG_CXX_LANGUAGE_STANDARD = "gnu++0x";
				CLANG_CXX_LIBRARY = "libc++";
				CLANG_ENABLE_MODULES = YES;
				CLANG_ENABLE_OBJC_ARC = YES;
				CLANG_WARN_BOOL_CONVERSION = YES;
				CLANG_WARN_CONSTANT_CONVERSION = YES;
				CLANG_WARN_DIRECT_OBJC_ISA_USAGE = YES_ERROR;
				CLANG_WARN_EMPTY_BODY = YES;
				CLANG_WARN_ENUM_CONVERSION = YES;
				CLANG_WARN_INT_CONVERSION = YES;
				CLANG_WARN_OBJC_ROOT_CLASS = YES_ERROR;
				CLANG_WARN__DUPLICATE_METHOD_MATCH = YES;
				"CODE_SIGN_IDENTITY[sdk=iphoneos*]" = "iPhone Developer";
				COPY_PHASE_STRIP = NO;
				GCC_C_LANGUAGE_STANDARD = gnu99;
				GCC_DYNAMIC_NO_PIC = NO;
				GCC_OPTIMIZATION_LEVEL = 0;
				GCC_PREPROCESSOR_DEFINITIONS = (
					"DEBUG=1",
					"$(inherited)",
				);
				GCC_SYMBOLS_PRIVATE_EXTERN = NO;
				GCC_WARN_64_TO_32_BIT_CONVERSION = YES;
				GCC_WARN_ABOUT_RETURN_TYPE = YES_ERROR;
				GCC_WARN_UNDECLARED_SELECTOR = YES;
				GCC_WARN_UNINITIALIZED_AUTOS = YES_AGGRESSIVE;
				GCC_WARN_UNUSED_FUNCTION = YES;
				GCC_WARN_UNUSED_VARIABLE = YES;
				IPHONEOS_DEPLOYMENT_TARGET = 7.1;
				ONLY_ACTIVE_ARCH = YES;
				SDKROOT = iphoneos;
			};
			name = Debug;
		};
		F49BBFC818E7D982006E563B /* Release */ = {
			isa = XCBuildConfiguration;
			buildSettings = {
				ALWAYS_SEARCH_USER_PATHS = NO;
				CLANG_CXX_LANGUAGE_STANDARD = "gnu++0x";
				CLANG_CXX_LIBRARY = "libc++";
				CLANG_ENABLE_MODULES = YES;
				CLANG_ENABLE_OBJC_ARC = YES;
				CLANG_WARN_BOOL_CONVERSION = YES;
				CLANG_WARN_CONSTANT_CONVERSION = YES;
				CLANG_WARN_DIRECT_OBJC_ISA_USAGE = YES_ERROR;
				CLANG_WARN_EMPTY_BODY = YES;
				CLANG_WARN_ENUM_CONVERSION = YES;
				CLANG_WARN_INT_CONVERSION = YES;
				CLANG_WARN_OBJC_ROOT_CLASS = YES_ERROR;
				CLANG_WARN__DUPLICATE_METHOD_MATCH = YES;
				"CODE_SIGN_IDENTITY[sdk=iphoneos*]" = "iPhone Developer";
				COPY_PHASE_STRIP = YES;
				ENABLE_NS_ASSERTIONS = NO;
				GCC_C_LANGUAGE_STANDARD = gnu99;
				GCC_WARN_64_TO_32_BIT_CONVERSION = YES;
				GCC_WARN_ABOUT_RETURN_TYPE = YES_ERROR;
				GCC_WARN_UNDECLARED_SELECTOR = YES;
				GCC_WARN_UNINITIALIZED_AUTOS = YES_AGGRESSIVE;
				GCC_WARN_UNUSED_FUNCTION = YES;
				GCC_WARN_UNUSED_VARIABLE = YES;
				IPHONEOS_DEPLOYMENT_TARGET = 7.1;
				SDKROOT = iphoneos;
				VALIDATE_PRODUCT = YES;
			};
			name = Release;
		};
		F49BBFCA18E7D982006E563B /* Debug */ = {
			isa = XCBuildConfiguration;
			buildSettings = {
				ASSETCATALOG_COMPILER_APPICON_NAME = AppIcon;
				ASSETCATALOG_COMPILER_LAUNCHIMAGE_NAME = LaunchImage;
				CLANG_ENABLE_MODULES = YES;
				GCC_PRECOMPILE_PREFIX_HEADER = YES;
				GCC_PREFIX_HEADER = "ProfileDemo/ProfileDemo-Prefix.pch";
				INFOPLIST_FILE = "ProfileDemo/ProfileDemo-Info.plist";
				LD_RUNPATH_SEARCH_PATHS = "$(inherited) @executable_path/Frameworks";
				PRODUCT_NAME = "$(TARGET_NAME)";
				SWIFT_OBJC_BRIDGING_HEADER = "ProfileDemo/ProfileDemo-Bridging-Header.h";
				SWIFT_OPTIMIZATION_LEVEL = "-Onone";
				TARGETED_DEVICE_FAMILY = 1;
				WRAPPER_EXTENSION = app;
			};
			name = Debug;
		};
		F49BBFCB18E7D982006E563B /* Release */ = {
			isa = XCBuildConfiguration;
			buildSettings = {
				ASSETCATALOG_COMPILER_APPICON_NAME = AppIcon;
				ASSETCATALOG_COMPILER_LAUNCHIMAGE_NAME = LaunchImage;
				CLANG_ENABLE_MODULES = YES;
				GCC_PRECOMPILE_PREFIX_HEADER = YES;
				GCC_PREFIX_HEADER = "ProfileDemo/ProfileDemo-Prefix.pch";
				INFOPLIST_FILE = "ProfileDemo/ProfileDemo-Info.plist";
				LD_RUNPATH_SEARCH_PATHS = "$(inherited) @executable_path/Frameworks";
				PRODUCT_NAME = "$(TARGET_NAME)";
				SWIFT_OBJC_BRIDGING_HEADER = "ProfileDemo/ProfileDemo-Bridging-Header.h";
				TARGETED_DEVICE_FAMILY = 1;
				WRAPPER_EXTENSION = app;
			};
			name = Release;
		};
		F49BBFCD18E7D982006E563B /* Debug */ = {
			isa = XCBuildConfiguration;
			buildSettings = {
				BUNDLE_LOADER = "$(BUILT_PRODUCTS_DIR)/ProfileDemo.app/ProfileDemo";
				FRAMEWORK_SEARCH_PATHS = (
					"$(SDKROOT)/Developer/Library/Frameworks",
					"$(inherited)",
					"$(DEVELOPER_FRAMEWORKS_DIR)",
				);
				GCC_PRECOMPILE_PREFIX_HEADER = YES;
				GCC_PREFIX_HEADER = "ProfileDemo/ProfileDemo-Prefix.pch";
				GCC_PREPROCESSOR_DEFINITIONS = (
					"DEBUG=1",
					"$(inherited)",
				);
				INFOPLIST_FILE = "ProfileDemoTests/ProfileDemoTests-Info.plist";
				PRODUCT_NAME = "$(TARGET_NAME)";
				TEST_HOST = "$(BUNDLE_LOADER)";
				WRAPPER_EXTENSION = xctest;
			};
			name = Debug;
		};
		F49BBFCE18E7D982006E563B /* Release */ = {
			isa = XCBuildConfiguration;
			buildSettings = {
				BUNDLE_LOADER = "$(BUILT_PRODUCTS_DIR)/ProfileDemo.app/ProfileDemo";
				FRAMEWORK_SEARCH_PATHS = (
					"$(SDKROOT)/Developer/Library/Frameworks",
					"$(inherited)",
					"$(DEVELOPER_FRAMEWORKS_DIR)",
				);
				GCC_PRECOMPILE_PREFIX_HEADER = YES;
				GCC_PREFIX_HEADER = "ProfileDemo/ProfileDemo-Prefix.pch";
				INFOPLIST_FILE = "ProfileDemoTests/ProfileDemoTests-Info.plist";
				PRODUCT_NAME = "$(TARGET_NAME)";
				TEST_HOST = "$(BUNDLE_LOADER)";
				WRAPPER_EXTENSION = xctest;
			};
			name = Release;
		};
/* End XCBuildConfiguration section */

/* Begin XCConfigurationList section */
		F49BBF9218E7D982006E563B /* Build configuration list for PBXProject "KatSlump" */ = {
			isa = XCConfigurationList;
			buildConfigurations = (
				F49BBFC718E7D982006E563B /* Debug */,
				F49BBFC818E7D982006E563B /* Release */,
			);
			defaultConfigurationIsVisible = 0;
			defaultConfigurationName = Release;
		};
		F49BBFC918E7D982006E563B /* Build configuration list for PBXNativeTarget "ProfileDemo" */ = {
			isa = XCConfigurationList;
			buildConfigurations = (
				F49BBFCA18E7D982006E563B /* Debug */,
				F49BBFCB18E7D982006E563B /* Release */,
			);
			defaultConfigurationIsVisible = 0;
			defaultConfigurationName = Release;
		};
		F49BBFCC18E7D982006E563B /* Build configuration list for PBXNativeTarget "ProfileDemoTests" */ = {
			isa = XCConfigurationList;
			buildConfigurations = (
				F49BBFCD18E7D982006E563B /* Debug */,
				F49BBFCE18E7D982006E563B /* Release */,
			);
			defaultConfigurationIsVisible = 0;
			defaultConfigurationName = Release;
		};
/* End XCConfigurationList section */
	};
	rootObject = F49BBF8F18E7D982006E563B /* Project object */;
}
